
Microsoft Visual Studio Solution File, Format Version 12.00
# Visual Studio Version 17
VisualStudioVersion = 17.1.32421.90
MinimumVisualStudioVersion = 10.0.40219.1
Project("{FAE04EC0-301F-11D3-BF4B-00C04F79EFBC}") = "Northwind.Entities", "Northwind.Entities\Northwind.Entities.csproj", "{57459D07-C994-4BB1-99FE-9D5D52178B08}"
EndProject
Project("{FAE04EC0-301F-11D3-BF4B-00C04F79EFBC}") = "Northwind.Business", "Northwind.Business\Northwind.Business.csproj", "{9D9DBE1A-EA60-48CD-911D-BD18B1140C3A}"
EndProject
Project("{FAE04EC0-301F-11D3-BF4B-00C04F79EFBC}") = "Northwind.WebFormsUI", "Northwind.WebFormsUI\Northwind.WebFormsUI.csproj", "{CBE31431-2B89-4429-9DE6-46E28E67067E}"
EndProject
<<<<<<< HEAD
Project("{FAE04EC0-301F-11D3-BF4B-00C04F79EFBC}") = "Northwind.DataAccess", "Northwind.DataAccess\Northwind.DataAccess.csproj", "{0656DB30-41C4-48C5-A92B-28248474DA6B}"
EndProject
=======
>>>>>>> ccd9d02a29223a34967d255cb39060bd91fce3e4
Global
	GlobalSection(SolutionConfigurationPlatforms) = preSolution
		Debug|Any CPU = Debug|Any CPU
		Release|Any CPU = Release|Any CPU
	EndGlobalSection
	GlobalSection(ProjectConfigurationPlatforms) = postSolution
		{57459D07-C994-4BB1-99FE-9D5D52178B08}.Debug|Any CPU.ActiveCfg = Debug|Any CPU
		{57459D07-C994-4BB1-99FE-9D5D52178B08}.Debug|Any CPU.Build.0 = Debug|Any CPU
		{57459D07-C994-4BB1-99FE-9D5D52178B08}.Release|Any CPU.ActiveCfg = Release|Any CPU
		{57459D07-C994-4BB1-99FE-9D5D52178B08}.Release|Any CPU.Build.0 = Release|Any CPU
		{9D9DBE1A-EA60-48CD-911D-BD18B1140C3A}.Debug|Any CPU.ActiveCfg = Debug|Any CPU
		{9D9DBE1A-EA60-48CD-911D-BD18B1140C3A}.Debug|Any CPU.Build.0 = Debug|Any CPU
		{9D9DBE1A-EA60-48CD-911D-BD18B1140C3A}.Release|Any CPU.ActiveCfg = Release|Any CPU
		{9D9DBE1A-EA60-48CD-911D-BD18B1140C3A}.Release|Any CPU.Build.0 = Release|Any CPU
		{CBE31431-2B89-4429-9DE6-46E28E67067E}.Debug|Any CPU.ActiveCfg = Debug|Any CPU
		{CBE31431-2B89-4429-9DE6-46E28E67067E}.Debug|Any CPU.Build.0 = Debug|Any CPU
		{CBE31431-2B89-4429-9DE6-46E28E67067E}.Release|Any CPU.ActiveCfg = Release|Any CPU
		{CBE31431-2B89-4429-9DE6-46E28E67067E}.Release|Any CPU.Build.0 = Release|Any CPU
<<<<<<< HEAD
		{0656DB30-41C4-48C5-A92B-28248474DA6B}.Debug|Any CPU.ActiveCfg = Debug|Any CPU
		{0656DB30-41C4-48C5-A92B-28248474DA6B}.Debug|Any CPU.Build.0 = Debug|Any CPU
		{0656DB30-41C4-48C5-A92B-28248474DA6B}.Release|Any CPU.ActiveCfg = Release|Any CPU
		{0656DB30-41C4-48C5-A92B-28248474DA6B}.Release|Any CPU.Build.0 = Release|Any CPU
=======
>>>>>>> ccd9d02a29223a34967d255cb39060bd91fce3e4
	EndGlobalSection
	GlobalSection(SolutionProperties) = preSolution
		HideSolutionNode = FALSE
	EndGlobalSection
	GlobalSection(ExtensibilityGlobals) = postSolution
		SolutionGuid = {89873FC6-6C73-4D68-B421-A63ED55195A9}
	EndGlobalSection
EndGlobal
